// !$*UTF8*$!
{
	archiveVersion = 1;
	classes = {
	};
	objectVersion = 77;
	objects = {

/* Begin PBXBuildFile section */
		B219F01F2CFC823900D727DE /* Config.xcconfig in Resources */ = {isa = PBXBuildFile; fileRef = B219F01E2CFC823900D727DE /* Config.xcconfig */; };
		B219F0212CFC828500D727DE /* .gitignore in Resources */ = {isa = PBXBuildFile; fileRef = B219F0202CFC828000D727DE /* .gitignore */; };
		B219F0262CFCA2A300D727DE /* SwiftSoup in Frameworks */ = {isa = PBXBuildFile; productRef = B219F0252CFCA2A300D727DE /* SwiftSoup */; };
/* End PBXBuildFile section */

/* Begin PBXContainerItemProxy section */
		B219EFD92CFB7CF100D727DE /* PBXContainerItemProxy */ = {
			isa = PBXContainerItemProxy;
			containerPortal = B219EFBF2CFB7CEE00D727DE /* Project object */;
			proxyType = 1;
			remoteGlobalIDString = B219EFC62CFB7CEE00D727DE;
			remoteInfo = Tequila;
		};
		B219EFE32CFB7CF100D727DE /* PBXContainerItemProxy */ = {
			isa = PBXContainerItemProxy;
			containerPortal = B219EFBF2CFB7CEE00D727DE /* Project object */;
			proxyType = 1;
			remoteGlobalIDString = B219EFC62CFB7CEE00D727DE;
			remoteInfo = Tequila;
		};
/* End PBXContainerItemProxy section */

/* Begin PBXFileReference section */
		B219EFC72CFB7CEE00D727DE /* Tequila.app */ = {isa = PBXFileReference; explicitFileType = wrapper.application; includeInIndex = 0; path = Tequila.app; sourceTree = BUILT_PRODUCTS_DIR; };
		B219EFD82CFB7CF100D727DE /* TequilaTests.xctest */ = {isa = PBXFileReference; explicitFileType = wrapper.cfbundle; includeInIndex = 0; path = TequilaTests.xctest; sourceTree = BUILT_PRODUCTS_DIR; };
		B219EFE22CFB7CF100D727DE /* TequilaUITests.xctest */ = {isa = PBXFileReference; explicitFileType = wrapper.cfbundle; includeInIndex = 0; path = TequilaUITests.xctest; sourceTree = BUILT_PRODUCTS_DIR; };
		B219F01E2CFC823900D727DE /* Config.xcconfig */ = {isa = PBXFileReference; lastKnownFileType = text.xcconfig; path = Config.xcconfig; sourceTree = "<group>"; };
		B219F0202CFC828000D727DE /* .gitignore */ = {isa = PBXFileReference; lastKnownFileType = text; path = .gitignore; sourceTree = "<group>"; };
/* End PBXFileReference section */

/* Begin PBXFileSystemSynchronizedBuildFileExceptionSet section */
		B219F0232CFC831400D727DE /* Exceptions for "Tequila" folder in "Tequila" target */ = {
			isa = PBXFileSystemSynchronizedBuildFileExceptionSet;
			membershipExceptions = (
				Info.plist,
			);
			target = B219EFC62CFB7CEE00D727DE /* Tequila */;
		};
/* End PBXFileSystemSynchronizedBuildFileExceptionSet section */

/* Begin PBXFileSystemSynchronizedRootGroup section */
		B219EFC92CFB7CEE00D727DE /* Tequila */ = {
			isa = PBXFileSystemSynchronizedRootGroup;
			exceptions = (
				B219F0232CFC831400D727DE /* Exceptions for "Tequila" folder in "Tequila" target */,
			);
			path = Tequila;
			sourceTree = "<group>";
		};
		B219EFDB2CFB7CF100D727DE /* TequilaTests */ = {
			isa = PBXFileSystemSynchronizedRootGroup;
			path = TequilaTests;
			sourceTree = "<group>";
		};
		B219EFE52CFB7CF100D727DE /* TequilaUITests */ = {
			isa = PBXFileSystemSynchronizedRootGroup;
			path = TequilaUITests;
			sourceTree = "<group>";
		};
/* End PBXFileSystemSynchronizedRootGroup section */

/* Begin PBXFrameworksBuildPhase section */
		B219EFC42CFB7CEE00D727DE /* Frameworks */ = {
			isa = PBXFrameworksBuildPhase;
			buildActionMask = 2147483647;
			files = (
				B219F0262CFCA2A300D727DE /* SwiftSoup in Frameworks */,
			);
			runOnlyForDeploymentPostprocessing = 0;
		};
		B219EFD52CFB7CF100D727DE /* Frameworks */ = {
			isa = PBXFrameworksBuildPhase;
			buildActionMask = 2147483647;
			files = (
			);
			runOnlyForDeploymentPostprocessing = 0;
		};
		B219EFDF2CFB7CF100D727DE /* Frameworks */ = {
			isa = PBXFrameworksBuildPhase;
			buildActionMask = 2147483647;
			files = (
			);
			runOnlyForDeploymentPostprocessing = 0;
		};
/* End PBXFrameworksBuildPhase section */

/* Begin PBXGroup section */
		B219EFBE2CFB7CEE00D727DE = {
			isa = PBXGroup;
			children = (
				B219F0202CFC828000D727DE /* .gitignore */,
				B219F01E2CFC823900D727DE /* Config.xcconfig */,
				B219EFC92CFB7CEE00D727DE /* Tequila */,
				B219EFDB2CFB7CF100D727DE /* TequilaTests */,
				B219EFE52CFB7CF100D727DE /* TequilaUITests */,
				B219F00E2CFBED9D00D727DE /* Frameworks */,
				B219EFC82CFB7CEE00D727DE /* Products */,
			);
			sourceTree = "<group>";
		};
		B219EFC82CFB7CEE00D727DE /* Products */ = {
			isa = PBXGroup;
			children = (
				B219EFC72CFB7CEE00D727DE /* Tequila.app */,
				B219EFD82CFB7CF100D727DE /* TequilaTests.xctest */,
				B219EFE22CFB7CF100D727DE /* TequilaUITests.xctest */,
			);
			name = Products;
			sourceTree = "<group>";
		};
		B219F00E2CFBED9D00D727DE /* Frameworks */ = {
			isa = PBXGroup;
			children = (
			);
			name = Frameworks;
			sourceTree = "<group>";
		};
/* End PBXGroup section */

/* Begin PBXNativeTarget section */
		B219EFC62CFB7CEE00D727DE /* Tequila */ = {
			isa = PBXNativeTarget;
			buildConfigurationList = B219EFEC2CFB7CF100D727DE /* Build configuration list for PBXNativeTarget "Tequila" */;
			buildPhases = (
				B219EFC32CFB7CEE00D727DE /* Sources */,
				B219EFC42CFB7CEE00D727DE /* Frameworks */,
				B219EFC52CFB7CEE00D727DE /* Resources */,
			);
			buildRules = (
			);
			dependencies = (
			);
			fileSystemSynchronizedGroups = (
				B219EFC92CFB7CEE00D727DE /* Tequila */,
			);
			name = Tequila;
			packageProductDependencies = (
				B219F0252CFCA2A300D727DE /* SwiftSoup */,
			);
			productName = Tequila;
			productReference = B219EFC72CFB7CEE00D727DE /* Tequila.app */;
			productType = "com.apple.product-type.application";
		};
		B219EFD72CFB7CF100D727DE /* TequilaTests */ = {
			isa = PBXNativeTarget;
			buildConfigurationList = B219EFEF2CFB7CF100D727DE /* Build configuration list for PBXNativeTarget "TequilaTests" */;
			buildPhases = (
				B219EFD42CFB7CF100D727DE /* Sources */,
				B219EFD52CFB7CF100D727DE /* Frameworks */,
				B219EFD62CFB7CF100D727DE /* Resources */,
			);
			buildRules = (
			);
			dependencies = (
				B219EFDA2CFB7CF100D727DE /* PBXTargetDependency */,
			);
			fileSystemSynchronizedGroups = (
				B219EFDB2CFB7CF100D727DE /* TequilaTests */,
			);
			name = TequilaTests;
			packageProductDependencies = (
			);
			productName = TequilaTests;
			productReference = B219EFD82CFB7CF100D727DE /* TequilaTests.xctest */;
			productType = "com.apple.product-type.bundle.unit-test";
		};
		B219EFE12CFB7CF100D727DE /* TequilaUITests */ = {
			isa = PBXNativeTarget;
			buildConfigurationList = B219EFF22CFB7CF100D727DE /* Build configuration list for PBXNativeTarget "TequilaUITests" */;
			buildPhases = (
				B219EFDE2CFB7CF100D727DE /* Sources */,
				B219EFDF2CFB7CF100D727DE /* Frameworks */,
				B219EFE02CFB7CF100D727DE /* Resources */,
			);
			buildRules = (
			);
			dependencies = (
				B219EFE42CFB7CF100D727DE /* PBXTargetDependency */,
			);
			fileSystemSynchronizedGroups = (
				B219EFE52CFB7CF100D727DE /* TequilaUITests */,
			);
			name = TequilaUITests;
			packageProductDependencies = (
			);
			productName = TequilaUITests;
			productReference = B219EFE22CFB7CF100D727DE /* TequilaUITests.xctest */;
			productType = "com.apple.product-type.bundle.ui-testing";
		};
/* End PBXNativeTarget section */

/* Begin PBXProject section */
		B219EFBF2CFB7CEE00D727DE /* Project object */ = {
			isa = PBXProject;
			attributes = {
				BuildIndependentTargetsInParallel = 1;
				LastSwiftUpdateCheck = 1610;
				LastUpgradeCheck = 1610;
				TargetAttributes = {
					B219EFC62CFB7CEE00D727DE = {
						CreatedOnToolsVersion = 16.1;
					};
					B219EFD72CFB7CF100D727DE = {
						CreatedOnToolsVersion = 16.1;
						TestTargetID = B219EFC62CFB7CEE00D727DE;
					};
					B219EFE12CFB7CF100D727DE = {
						CreatedOnToolsVersion = 16.1;
						TestTargetID = B219EFC62CFB7CEE00D727DE;
					};
				};
			};
			buildConfigurationList = B219EFC22CFB7CEE00D727DE /* Build configuration list for PBXProject "Tequila" */;
			developmentRegion = en;
			hasScannedForEncodings = 0;
			knownRegions = (
				en,
				Base,
			);
			mainGroup = B219EFBE2CFB7CEE00D727DE;
			minimizedProjectReferenceProxies = 1;
			packageReferences = (
				B219F0242CFCA2A300D727DE /* XCRemoteSwiftPackageReference "SwiftSoup" */,
			);
			preferredProjectObjectVersion = 77;
			productRefGroup = B219EFC82CFB7CEE00D727DE /* Products */;
			projectDirPath = "";
			projectRoot = "";
			targets = (
				B219EFC62CFB7CEE00D727DE /* Tequila */,
				B219EFD72CFB7CF100D727DE /* TequilaTests */,
				B219EFE12CFB7CF100D727DE /* TequilaUITests */,
			);
		};
/* End PBXProject section */

/* Begin PBXResourcesBuildPhase section */
		B219EFC52CFB7CEE00D727DE /* Resources */ = {
			isa = PBXResourcesBuildPhase;
			buildActionMask = 2147483647;
			files = (
				B219F0212CFC828500D727DE /* .gitignore in Resources */,
				B219F01F2CFC823900D727DE /* Config.xcconfig in Resources */,
			);
			runOnlyForDeploymentPostprocessing = 0;
		};
		B219EFD62CFB7CF100D727DE /* Resources */ = {
			isa = PBXResourcesBuildPhase;
			buildActionMask = 2147483647;
			files = (
			);
			runOnlyForDeploymentPostprocessing = 0;
		};
		B219EFE02CFB7CF100D727DE /* Resources */ = {
			isa = PBXResourcesBuildPhase;
			buildActionMask = 2147483647;
			files = (
			);
			runOnlyForDeploymentPostprocessing = 0;
		};
/* End PBXResourcesBuildPhase section */

/* Begin PBXSourcesBuildPhase section */
		B219EFC32CFB7CEE00D727DE /* Sources */ = {
			isa = PBXSourcesBuildPhase;
			buildActionMask = 2147483647;
			files = (
			);
			runOnlyForDeploymentPostprocessing = 0;
		};
		B219EFD42CFB7CF100D727DE /* Sources */ = {
			isa = PBXSourcesBuildPhase;
			buildActionMask = 2147483647;
			files = (
			);
			runOnlyForDeploymentPostprocessing = 0;
		};
		B219EFDE2CFB7CF100D727DE /* Sources */ = {
			isa = PBXSourcesBuildPhase;
			buildActionMask = 2147483647;
			files = (
			);
			runOnlyForDeploymentPostprocessing = 0;
		};
/* End PBXSourcesBuildPhase section */

/* Begin PBXTargetDependency section */
		B219EFDA2CFB7CF100D727DE /* PBXTargetDependency */ = {
			isa = PBXTargetDependency;
			target = B219EFC62CFB7CEE00D727DE /* Tequila */;
			targetProxy = B219EFD92CFB7CF100D727DE /* PBXContainerItemProxy */;
		};
		B219EFE42CFB7CF100D727DE /* PBXTargetDependency */ = {
			isa = PBXTargetDependency;
			target = B219EFC62CFB7CEE00D727DE /* Tequila */;
			targetProxy = B219EFE32CFB7CF100D727DE /* PBXContainerItemProxy */;
		};
/* End PBXTargetDependency section */

/* Begin XCBuildConfiguration section */
		B219EFEA2CFB7CF100D727DE /* Debug */ = {
			isa = XCBuildConfiguration;
			buildSettings = {
				ALWAYS_SEARCH_USER_PATHS = NO;
				ASSETCATALOG_COMPILER_GENERATE_SWIFT_ASSET_SYMBOL_EXTENSIONS = YES;
				CLANG_ANALYZER_NONNULL = YES;
				CLANG_ANALYZER_NUMBER_OBJECT_CONVERSION = YES_AGGRESSIVE;
				CLANG_CXX_LANGUAGE_STANDARD = "gnu++20";
				CLANG_ENABLE_MODULES = YES;
				CLANG_ENABLE_OBJC_ARC = YES;
				CLANG_ENABLE_OBJC_WEAK = YES;
				CLANG_WARN_BLOCK_CAPTURE_AUTORELEASING = YES;
				CLANG_WARN_BOOL_CONVERSION = YES;
				CLANG_WARN_COMMA = YES;
				CLANG_WARN_CONSTANT_CONVERSION = YES;
				CLANG_WARN_DEPRECATED_OBJC_IMPLEMENTATIONS = YES;
				CLANG_WARN_DIRECT_OBJC_ISA_USAGE = YES_ERROR;
				CLANG_WARN_DOCUMENTATION_COMMENTS = YES;
				CLANG_WARN_EMPTY_BODY = YES;
				CLANG_WARN_ENUM_CONVERSION = YES;
				CLANG_WARN_INFINITE_RECURSION = YES;
				CLANG_WARN_INT_CONVERSION = YES;
				CLANG_WARN_NON_LITERAL_NULL_CONVERSION = YES;
				CLANG_WARN_OBJC_IMPLICIT_RETAIN_SELF = YES;
				CLANG_WARN_OBJC_LITERAL_CONVERSION = YES;
				CLANG_WARN_OBJC_ROOT_CLASS = YES_ERROR;
				CLANG_WARN_QUOTED_INCLUDE_IN_FRAMEWORK_HEADER = YES;
				CLANG_WARN_RANGE_LOOP_ANALYSIS = YES;
				CLANG_WARN_STRICT_PROTOTYPES = YES;
				CLANG_WARN_SUSPICIOUS_MOVE = YES;
				CLANG_WARN_UNGUARDED_AVAILABILITY = YES_AGGRESSIVE;
				CLANG_WARN_UNREACHABLE_CODE = YES;
				CLANG_WARN__DUPLICATE_METHOD_MATCH = YES;
				COPY_PHASE_STRIP = NO;
				DEBUG_INFORMATION_FORMAT = dwarf;
				ENABLE_STRICT_OBJC_MSGSEND = YES;
				ENABLE_TESTABILITY = YES;
				ENABLE_USER_SCRIPT_SANDBOXING = YES;
				GCC_C_LANGUAGE_STANDARD = gnu17;
				GCC_DYNAMIC_NO_PIC = NO;
				GCC_NO_COMMON_BLOCKS = YES;
				GCC_OPTIMIZATION_LEVEL = 0;
				GCC_PREPROCESSOR_DEFINITIONS = (
					"DEBUG=1",
					"$(inherited)",
				);
				GCC_WARN_64_TO_32_BIT_CONVERSION = YES;
				GCC_WARN_ABOUT_RETURN_TYPE = YES_ERROR;
				GCC_WARN_UNDECLARED_SELECTOR = YES;
				GCC_WARN_UNINITIALIZED_AUTOS = YES_AGGRESSIVE;
				GCC_WARN_UNUSED_FUNCTION = YES;
				GCC_WARN_UNUSED_VARIABLE = YES;
				LOCALIZATION_PREFERS_STRING_CATALOGS = YES;
				MACOSX_DEPLOYMENT_TARGET = 15.0;
				MTL_ENABLE_DEBUG_INFO = INCLUDE_SOURCE;
				MTL_FAST_MATH = YES;
				ONLY_ACTIVE_ARCH = YES;
				SDKROOT = macosx;
				SWIFT_ACTIVE_COMPILATION_CONDITIONS = "DEBUG $(inherited)";
				SWIFT_OPTIMIZATION_LEVEL = "-Onone";
			};
			name = Debug;
		};
		B219EFEB2CFB7CF100D727DE /* Release */ = {
			isa = XCBuildConfiguration;
			buildSettings = {
				ALWAYS_SEARCH_USER_PATHS = NO;
				ASSETCATALOG_COMPILER_GENERATE_SWIFT_ASSET_SYMBOL_EXTENSIONS = YES;
				CLANG_ANALYZER_NONNULL = YES;
				CLANG_ANALYZER_NUMBER_OBJECT_CONVERSION = YES_AGGRESSIVE;
				CLANG_CXX_LANGUAGE_STANDARD = "gnu++20";
				CLANG_ENABLE_MODULES = YES;
				CLANG_ENABLE_OBJC_ARC = YES;
				CLANG_ENABLE_OBJC_WEAK = YES;
				CLANG_WARN_BLOCK_CAPTURE_AUTORELEASING = YES;
				CLANG_WARN_BOOL_CONVERSION = YES;
				CLANG_WARN_COMMA = YES;
				CLANG_WARN_CONSTANT_CONVERSION = YES;
				CLANG_WARN_DEPRECATED_OBJC_IMPLEMENTATIONS = YES;
				CLANG_WARN_DIRECT_OBJC_ISA_USAGE = YES_ERROR;
				CLANG_WARN_DOCUMENTATION_COMMENTS = YES;
				CLANG_WARN_EMPTY_BODY = YES;
				CLANG_WARN_ENUM_CONVERSION = YES;
				CLANG_WARN_INFINITE_RECURSION = YES;
				CLANG_WARN_INT_CONVERSION = YES;
				CLANG_WARN_NON_LITERAL_NULL_CONVERSION = YES;
				CLANG_WARN_OBJC_IMPLICIT_RETAIN_SELF = YES;
				CLANG_WARN_OBJC_LITERAL_CONVERSION = YES;
				CLANG_WARN_OBJC_ROOT_CLASS = YES_ERROR;
				CLANG_WARN_QUOTED_INCLUDE_IN_FRAMEWORK_HEADER = YES;
				CLANG_WARN_RANGE_LOOP_ANALYSIS = YES;
				CLANG_WARN_STRICT_PROTOTYPES = YES;
				CLANG_WARN_SUSPICIOUS_MOVE = YES;
				CLANG_WARN_UNGUARDED_AVAILABILITY = YES_AGGRESSIVE;
				CLANG_WARN_UNREACHABLE_CODE = YES;
				CLANG_WARN__DUPLICATE_METHOD_MATCH = YES;
				COPY_PHASE_STRIP = NO;
				DEBUG_INFORMATION_FORMAT = "dwarf-with-dsym";
				ENABLE_NS_ASSERTIONS = NO;
				ENABLE_STRICT_OBJC_MSGSEND = YES;
				ENABLE_USER_SCRIPT_SANDBOXING = YES;
				GCC_C_LANGUAGE_STANDARD = gnu17;
				GCC_NO_COMMON_BLOCKS = YES;
				GCC_WARN_64_TO_32_BIT_CONVERSION = YES;
				GCC_WARN_ABOUT_RETURN_TYPE = YES_ERROR;
				GCC_WARN_UNDECLARED_SELECTOR = YES;
				GCC_WARN_UNINITIALIZED_AUTOS = YES_AGGRESSIVE;
				GCC_WARN_UNUSED_FUNCTION = YES;
				GCC_WARN_UNUSED_VARIABLE = YES;
				LOCALIZATION_PREFERS_STRING_CATALOGS = YES;
				MACOSX_DEPLOYMENT_TARGET = 15.0;
				MTL_ENABLE_DEBUG_INFO = NO;
				MTL_FAST_MATH = YES;
				SDKROOT = macosx;
				SWIFT_COMPILATION_MODE = wholemodule;
			};
			name = Release;
		};
		B219EFED2CFB7CF100D727DE /* Debug */ = {
			isa = XCBuildConfiguration;
			baseConfigurationReference = B219F01E2CFC823900D727DE /* Config.xcconfig */;
			buildSettings = {
				ASSETCATALOG_COMPILER_APPICON_NAME = AppIcon;
				ASSETCATALOG_COMPILER_GLOBAL_ACCENT_COLOR_NAME = AccentColor;
				ASSETCATALOG_COMPILER_INCLUDE_ALL_APPICON_ASSETS = YES;
				CODE_SIGN_ENTITLEMENTS = Tequila/Tequila.entitlements;
				CODE_SIGN_STYLE = Automatic;
				COMBINE_HIDPI_IMAGES = YES;
				CURRENT_PROJECT_VERSION = 1;
				DEVELOPMENT_ASSET_PATHS = "\"Tequila/Preview Content\"";
				DEVELOPMENT_TEAM = FM48FZSNUJ;
				ENABLE_HARDENED_RUNTIME = YES;
				ENABLE_PREVIEWS = YES;
				GENERATE_INFOPLIST_FILE = YES;
				INFOPLIST_FILE = Tequila/Info.plist;
				INFOPLIST_KEY_NSHumanReadableCopyright = "";
				LD_RUNPATH_SEARCH_PATHS = (
					"$(inherited)",
					"@executable_path/../Frameworks",
				);
				MARKETING_VERSION = 1.0;
				PRODUCT_BUNDLE_IDENTIFIER = benny.Tequila;
				PRODUCT_NAME = "$(TARGET_NAME)";
				SWIFT_EMIT_LOC_STRINGS = YES;
				SWIFT_VERSION = 5.0;
			};
			name = Debug;
		};
		B219EFEE2CFB7CF100D727DE /* Release */ = {
			isa = XCBuildConfiguration;
			baseConfigurationReference = B219F01E2CFC823900D727DE /* Config.xcconfig */;
			buildSettings = {
				ASSETCATALOG_COMPILER_APPICON_NAME = AppIcon;
				ASSETCATALOG_COMPILER_GLOBAL_ACCENT_COLOR_NAME = AccentColor;
				ASSETCATALOG_COMPILER_INCLUDE_ALL_APPICON_ASSETS = YES;
				CODE_SIGN_ENTITLEMENTS = Tequila/Tequila.entitlements;
				CODE_SIGN_STYLE = Automatic;
				COMBINE_HIDPI_IMAGES = YES;
				CURRENT_PROJECT_VERSION = 1;
				DEVELOPMENT_ASSET_PATHS = "\"Tequila/Preview Content\"";
				DEVELOPMENT_TEAM = FM48FZSNUJ;
				ENABLE_HARDENED_RUNTIME = YES;
				ENABLE_PREVIEWS = YES;
				GENERATE_INFOPLIST_FILE = YES;
				INFOPLIST_FILE = Tequila/Info.plist;
				INFOPLIST_KEY_NSHumanReadableCopyright = "";
				LD_RUNPATH_SEARCH_PATHS = (
					"$(inherited)",
					"@executable_path/../Frameworks",
				);
				MARKETING_VERSION = 1.0;
				PRODUCT_BUNDLE_IDENTIFIER = benny.Tequila;
				PRODUCT_NAME = "$(TARGET_NAME)";
				SWIFT_EMIT_LOC_STRINGS = YES;
				SWIFT_VERSION = 5.0;
			};
			name = Release;
		};
		B219EFF02CFB7CF100D727DE /* Debug */ = {
			isa = XCBuildConfiguration;
			buildSettings = {
				BUNDLE_LOADER = "$(TEST_HOST)";
				CODE_SIGN_STYLE = Automatic;
				CURRENT_PROJECT_VERSION = 1;
				DEVELOPMENT_TEAM = FM48FZSNUJ;
				GENERATE_INFOPLIST_FILE = YES;
				MACOSX_DEPLOYMENT_TARGET = 15.0;
				MARKETING_VERSION = 1.0;
				PRODUCT_BUNDLE_IDENTIFIER = benny.TequilaTests;
				PRODUCT_NAME = "$(TARGET_NAME)";
				SWIFT_EMIT_LOC_STRINGS = NO;
				SWIFT_VERSION = 5.0;
				TEST_HOST = "$(BUILT_PRODUCTS_DIR)/Tequila.app/$(BUNDLE_EXECUTABLE_FOLDER_PATH)/Tequila";
			};
			name = Debug;
		};
		B219EFF12CFB7CF100D727DE /* Release */ = {
			isa = XCBuildConfiguration;
			buildSettings = {
				BUNDLE_LOADER = "$(TEST_HOST)";
				CODE_SIGN_STYLE = Automatic;
				CURRENT_PROJECT_VERSION = 1;
				DEVELOPMENT_TEAM = FM48FZSNUJ;
				GENERATE_INFOPLIST_FILE = YES;
				MACOSX_DEPLOYMENT_TARGET = 15.0;
				MARKETING_VERSION = 1.0;
				PRODUCT_BUNDLE_IDENTIFIER = benny.TequilaTests;
				PRODUCT_NAME = "$(TARGET_NAME)";
				SWIFT_EMIT_LOC_STRINGS = NO;
				SWIFT_VERSION = 5.0;
				TEST_HOST = "$(BUILT_PRODUCTS_DIR)/Tequila.app/$(BUNDLE_EXECUTABLE_FOLDER_PATH)/Tequila";
			};
			name = Release;
		};
		B219EFF32CFB7CF100D727DE /* Debug */ = {
			isa = XCBuildConfiguration;
			buildSettings = {
				CODE_SIGN_STYLE = Automatic;
				CURRENT_PROJECT_VERSION = 1;
				DEVELOPMENT_TEAM = FM48FZSNUJ;
				GENERATE_INFOPLIST_FILE = YES;
				MARKETING_VERSION = 1.0;
				PRODUCT_BUNDLE_IDENTIFIER = benny.TequilaUITests;
				PRODUCT_NAME = "$(TARGET_NAME)";
				SWIFT_EMIT_LOC_STRINGS = NO;
				SWIFT_VERSION = 5.0;
				TEST_TARGET_NAME = Tequila;
			};
			name = Debug;
		};
		B219EFF42CFB7CF100D727DE /* Release */ = {
			isa = XCBuildConfiguration;
			buildSettings = {
				CODE_SIGN_STYLE = Automatic;
				CURRENT_PROJECT_VERSION = 1;
				DEVELOPMENT_TEAM = FM48FZSNUJ;
				GENERATE_INFOPLIST_FILE = YES;
				MARKETING_VERSION = 1.0;
				PRODUCT_BUNDLE_IDENTIFIER = benny.TequilaUITests;
				PRODUCT_NAME = "$(TARGET_NAME)";
				SWIFT_EMIT_LOC_STRINGS = NO;
				SWIFT_VERSION = 5.0;
				TEST_TARGET_NAME = Tequila;
			};
			name = Release;
		};
/* End XCBuildConfiguration section */

/* Begin XCConfigurationList section */
		B219EFC22CFB7CEE00D727DE /* Build configuration list for PBXProject "Tequila" */ = {
			isa = XCConfigurationList;
			buildConfigurations = (
				B219EFEA2CFB7CF100D727DE /* Debug */,
				B219EFEB2CFB7CF100D727DE /* Release */,
			);
			defaultConfigurationIsVisible = 0;
			defaultConfigurationName = Release;
		};
		B219EFEC2CFB7CF100D727DE /* Build configuration list for PBXNativeTarget "Tequila" */ = {
			isa = XCConfigurationList;
			buildConfigurations = (
				B219EFED2CFB7CF100D727DE /* Debug */,
				B219EFEE2CFB7CF100D727DE /* Release */,
			);
			defaultConfigurationIsVisible = 0;
			defaultConfigurationName = Release;
		};
		B219EFEF2CFB7CF100D727DE /* Build configuration list for PBXNativeTarget "TequilaTests" */ = {
			isa = XCConfigurationList;
			buildConfigurations = (
				B219EFF02CFB7CF100D727DE /* Debug */,
				B219EFF12CFB7CF100D727DE /* Release */,
			);
			defaultConfigurationIsVisible = 0;
			defaultConfigurationName = Release;
		};
		B219EFF22CFB7CF100D727DE /* Build configuration list for PBXNativeTarget "TequilaUITests" */ = {
			isa = XCConfigurationList;
			buildConfigurations = (
				B219EFF32CFB7CF100D727DE /* Debug */,
				B219EFF42CFB7CF100D727DE /* Release */,
			);
			defaultConfigurationIsVisible = 0;
			defaultConfigurationName = Release;
		};
/* End XCConfigurationList section */

/* Begin XCRemoteSwiftPackageReference section */
		B219F0242CFCA2A300D727DE /* XCRemoteSwiftPackageReference "SwiftSoup" */ = {
			isa = XCRemoteSwiftPackageReference;
			repositoryURL = "https://github.com/scinfu/SwiftSoup.git";
			requirement = {
				kind = upToNextMajorVersion;
				minimumVersion = 2.7.6;
			};
		};
/* End XCRemoteSwiftPackageReference section */

/* Begin XCSwiftPackageProductDependency section */
		B219F0252CFCA2A300D727DE /* SwiftSoup */ = {
			isa = XCSwiftPackageProductDependency;
			package = B219F0242CFCA2A300D727DE /* XCRemoteSwiftPackageReference "SwiftSoup" */;
			productName = SwiftSoup;
		};
/* End XCSwiftPackageProductDependency section */
	};
	rootObject = B219EFBF2CFB7CEE00D727DE /* Project object */;
}
